{
  "name": "nameforge",
  "version": "1.0.0",
  "lockfileVersion": 3,
  "requires": true,
  "packages": {
    "": {
      "name": "nameforge",
      "version": "1.0.0",
      "license": "ISC",
      "dependencies": {
        "jaci": "^0.1.1"
      },
      "bin": {
        "nameforge": "index.js"
      }
    },
    "node_modules/jaci": {
      "version": "0.1.1",
      "resolved": "https://registry.npmjs.org/jaci/-/jaci-0.1.1.tgz",
      "integrity": "sha512-dkLCLkEYa5aogcV7IRKCR12dA3p5Ng7B1NbDVdmrrqFbBS4lZx8/Pp+eqsXX3RcysMuN9/ITfubTqd9HbuHjLA==",
      "license": "MIT"
    }
  }
}
